# This file is autogenerated, do not edit; changes may be undone by the next 'dep ensure'.


[[projects]]
  digest = "1:abeb38ade3f32a92943e5be54f55ed6d6e3b6602761d74b4aab4c9dd45c18abd"
  name = "github.com/fsnotify/fsnotify"
  packages = ["."]
  pruneopts = "UT"
  revision = "c2828203cd70a50dcccfb2761f8b1f8ceef9a8e9"
  version = "v1.4.7"

[[projects]]
  digest = "1:b8df680aa05e307cff65b1de9d7b5fe999e726c5e0dd2b2abe7c81526e02a24c"
  name = "github.com/go-chassis/go-archaius"
  packages = [
    ".",
    "core",
    "core/cast",
    "core/config-manager",
    "core/event-system",
    "sources/commandline-source",
    "sources/configcenter",
    "sources/enviromentvariable-source",
    "sources/file-source",
    "sources/memory-source",
  ]
  pruneopts = "UT"
  revision = "77d6ddbb22f9ca5c17c4b9bd4dddbf1a13081ee0"
  version = "v0.16.0"

[[projects]]
  digest = "1:71570f6210a5861889022fcd07af9ab08d40e585cc9e7a067e020692a2f9bf1a"
  name = "github.com/go-chassis/go-chassis-config"
  packages = ["."]
  pruneopts = "UT"
  revision = "12f8b643136c3a47ff3f6420cc1af4b1da25e2f7"
  version = "v0.7.0"

[[projects]]
  digest = "1:b55965967271fcb98224d53d47a8b5fd82a3f50c57ac483c42b2208300c96955"
  name = "github.com/go-chassis/paas-lager"
  packages = [
    ".",
    "rotate",
    "third_party/forked/cloudfoundry/lager",
    "third_party/forked/cloudfoundry/lager/color",
  ]
  pruneopts = "UT"
  revision = "005283cca84c31e4ee549c6fd280bbd8432503f0"
  version = "v1.0.1"

[[projects]]
  branch = "master"
  digest = "1:44b6504c0470b6ef1b247d6791982478191aec4e05c95ee61a2bb14b6bded642"
  name = "github.com/go-mesh/openlogging"
  packages = ["."]
  pruneopts = "UT"
  revision = "3d418c478b2daf4684a2ddbb5c88aa7ec21cb3f2"

[[projects]]
  digest = "1:7b5c6e2eeaa9ae5907c391a91c132abfd5c9e8a784a341b5625e750c67e6825d"
  name = "github.com/gorilla/websocket"
  packages = ["."]
  pruneopts = "UT"
  revision = "66b9c49e59c6c48f0ffce28c2d8b8a5678502c6d"
  version = "v1.4.0"

[[projects]]
  digest = "1:274f67cb6fed9588ea2521ecdac05a6d62a8c51c074c1fccc6a49a40ba80e925"
  name = "github.com/satori/go.uuid"
  packages = ["."]
  pruneopts = "UT"
  revision = "f58768cc1a7a7e77a3bd49e98cdd21419399b6a3"
  version = "v1.2.0"

[[projects]]
  digest = "1:08d65904057412fc0270fc4812a1c90c594186819243160dc779a402d4b6d0bc"
  name = "github.com/spf13/cast"
  packages = ["."]
  pruneopts = "UT"
  revision = "8c9545af88b134710ab1cd196795e7f2388358d7"
  version = "v1.3.0"

[[projects]]
  branch = "master"
  digest = "1:5637b3b43405643229e55140bb3049dfa7d73957ba9ecfccc31cdadbfbe0b1f9"
  name = "golang.org/x/sys"
  packages = ["unix"]
  pruneopts = "UT"
  revision = "6c81ef8f67ca3f42fc9cd71dfbd5f35b0c4b5771"

[[projects]]
  digest = "1:4d2e5a73dc1500038e504a8d78b986630e3626dc027bc030ba5c75da257cdb96"
  name = "gopkg.in/yaml.v2"
  packages = ["."]
  pruneopts = "UT"
  revision = "51d6538a90f86fe93ac480b35f37b2be17fef232"
  version = "v2.2.2"

[solve-meta]
  analyzer-name = "dep"
  analyzer-version = 1
  input-imports = [
    "github.com/go-chassis/go-archaius",
    "github.com/go-chassis/go-archaius/core",
    "github.com/go-chassis/go-archaius/sources/commandline-source",
    "github.com/go-chassis/go-archaius/sources/enviromentvariable-source",
    "github.com/go-chassis/go-archaius/sources/memory-source",
    "github.com/go-chassis/paas-lager",
    "github.com/go-chassis/paas-lager/rotate",
    "github.com/go-chassis/paas-lager/third_party/forked/cloudfoundry/lager",
    "github.com/go-mesh/openlogging",
    "github.com/satori/go.uuid",
    "gopkg.in/yaml.v2",
  ]
  solver-name = "gps-cdcl"
  solver-version = 1
