# This file is autogenerated, do not edit; changes may be undone by the next 'dep ensure'.


[[projects]]
  digest = "1:b75aca481cf296a216157d0cf8ed4e14c7326b1783da3fca235897683ac3e974"
  name = "github.com/ServiceComb/go-archaius"
  packages = [
    ".",
    "sources/file-source",
  ]
  pruneopts = "UT"
  revision = "32bc89fe32ac9777e93e4140d338ce3001a89f85"
  version = "v0.1"

[[projects]]
  digest = "1:8705fe20105631d12abb6ded93eb65e4e03620ff5bef5cc25ab03ce8e265299b"
  name = "github.com/ServiceComb/paas-lager"
  packages = [
    ".",
    "rotate",
  ]
  pruneopts = "UT"
  revision = "005283cca84c31e4ee549c6fd280bbd8432503f0"
  version = "v1.0.1"

[[projects]]
  branch = "master"
  digest = "1:e05c7b72aeba7570b1d2f9c6dc9f0373d224b16b70fa886c504de867bffe1c2e"
  name = "github.com/aead/chacha20"
  packages = [
    ".",
    "chacha",
  ]
  pruneopts = "UT"
  revision = "8b13a72661dae6e9e5dea04f344f0dc95ea29547"

[[projects]]
  digest = "1:1f96c755246f1b688f1b2f0d2ba6cff5a94ceb35a7c5d06f7489e5e348ce356d"
  name = "github.com/bifurcation/mint"
  packages = [
    ".",
    "syntax",
  ]
  pruneopts = "UT"
  revision = "93c51c6ce11597a26e246fc33a301d62d3439cd2"

[[projects]]
  digest = "1:f438d91be142877c3ad83157992c91de787ddfbddcc2a7da1ef6ef61606cadc4"
  name = "github.com/cheekybits/genny"
  packages = ["generic"]
  pruneopts = "UT"
  revision = "9127e812e1e9e501ce899a18121d316ecb52e4ba"

[[projects]]
  digest = "1:abeb38ade3f32a92943e5be54f55ed6d6e3b6602761d74b4aab4c9dd45c18abd"
  name = "github.com/fsnotify/fsnotify"
  packages = ["."]
  pruneopts = "UT"
  revision = "c2828203cd70a50dcccfb2761f8b1f8ceef9a8e9"
  version = "v1.4.7"

[[projects]]
  digest = "1:a81c1bc427850b9f040713c61b9df6af36edadf17297b926da0bb2f88af4b6cb"
  name = "github.com/go-chassis/go-archaius"
  packages = [
    "core",
    "core/cast",
    "core/config-manager",
    "core/event-system",
    "sources/commandline-source",
    "sources/enviromentvariable-source",
    "sources/file-source",
    "sources/memory-source",
  ]
  pruneopts = "UT"
  revision = "32bc89fe32ac9777e93e4140d338ce3001a89f85"
  version = "v0.1"

[[projects]]
  digest = "1:9e61085198e66f3705dfd5de4371fff208a5f6dfe64662167277f0e53fe479ad"
  name = "github.com/go-chassis/paas-lager"
  packages = [
    "third_party/forked/cloudfoundry/lager",
    "third_party/forked/cloudfoundry/lager/color",
  ]
  pruneopts = "UT"
  revision = "005283cca84c31e4ee549c6fd280bbd8432503f0"
  version = "v1.0.1"

[[projects]]
  digest = "1:44b6504c0470b6ef1b247d6791982478191aec4e05c95ee61a2bb14b6bded642"
  name = "github.com/go-mesh/openlogging"
  packages = ["."]
  pruneopts = "UT"
  revision = "3d418c478b2daf4684a2ddbb5c88aa7ec21cb3f2"
  version = "v1.0.0"

[[projects]]
  digest = "1:318f1c959a8a740366fce4b1e1eb2fd914036b4af58fbd0a003349b305f118ad"
  name = "github.com/golang/protobuf"
  packages = ["proto"]
  pruneopts = "UT"
  revision = "b5d812f8a3706043e23a9cd5babf2e5423744d30"
  version = "v1.3.1"

[[projects]]
  digest = "1:7b5c6e2eeaa9ae5907c391a91c132abfd5c9e8a784a341b5625e750c67e6825d"
  name = "github.com/gorilla/websocket"
  packages = ["."]
  pruneopts = "UT"
  revision = "66b9c49e59c6c48f0ffce28c2d8b8a5678502c6d"
  version = "v1.4.0"

[[projects]]
  digest = "1:cf296baa185baae04a9a7004efee8511d08e2f5f51d4cbe5375da89722d681db"
  name = "github.com/hashicorp/golang-lru"
  packages = [
    ".",
    "simplelru",
  ]
  pruneopts = "UT"
  revision = "0fb14efe8c47ae851c0034ed7a448854d3d34cf3"

[[projects]]
  branch = "master"
  digest = "1:03ac5b0e1bc72a175d5e231ef97bac52b5e1dae549188871b4fc4d9ea4d69a94"
  name = "github.com/kubeedge/beehive"
  packages = [
    "pkg/common/config",
    "pkg/common/log",
    "pkg/common/util",
    "pkg/core/model",
  ]
  pruneopts = "UT"
  revision = "502b3465fc66a7264ea3e36378dd822055509b4d"

[[projects]]
  branch = "master"
  digest = "1:6fe6fc7707d8c37fb305362a324462d898bc1c01eaa2bfe15383ec21f6540c71"
  name = "github.com/lucas-clemente/aes12"
  packages = ["."]
  pruneopts = "UT"
  revision = "cd47fb39b79f867c6e4e5cd39cf7abd799f71670"

[[projects]]
  digest = "1:1ad9a965caa82881bd2ef1f0b155b4dc536c4f00d2d9f67d0b9b4ba6dcda21f1"
  name = "github.com/lucas-clemente/quic-go"
  packages = [
    ".",
    "internal/ackhandler",
    "internal/congestion",
    "internal/crypto",
    "internal/flowcontrol",
    "internal/handshake",
    "internal/protocol",
    "internal/utils",
    "internal/wire",
    "qerr",
  ]
  pruneopts = "UT"
  revision = "714f38d5d0aff85894fd890718b991e361f03e7d"
  version = "v0.10.1"

[[projects]]
  branch = "master"
  digest = "1:08b3484b0665f09be0f1f699a38e877708453795df07a3d6e4cd41fa7a2cabf0"
  name = "github.com/lucas-clemente/quic-go-certificates"
  packages = ["."]
  pruneopts = "UT"
  revision = "d2f86524cced5186554df90d92529757d22c1cb6"

[[projects]]
  digest = "1:274f67cb6fed9588ea2521ecdac05a6d62a8c51c074c1fccc6a49a40ba80e925"
  name = "github.com/satori/go.uuid"
  packages = ["."]
  pruneopts = "UT"
  revision = "f58768cc1a7a7e77a3bd49e98cdd21419399b6a3"
  version = "v1.2.0"

[[projects]]
  digest = "1:08d65904057412fc0270fc4812a1c90c594186819243160dc779a402d4b6d0bc"
  name = "github.com/spf13/cast"
  packages = ["."]
  pruneopts = "UT"
  revision = "8c9545af88b134710ab1cd196795e7f2388358d7"
  version = "v1.3.0"

[[projects]]
  digest = "1:5fa7ffa0b0721b59345a126aa81fcf4344f34ab74bdd620f6eb9a0b5043605f9"
  name = "golang.org/x/crypto"
  packages = [
    "curve25519",
    "hkdf",
  ]
  pruneopts = "UT"
  revision = "d585fd2cc9195196078f516b69daff6744ef5e84"

[[projects]]
  branch = "master"
  digest = "1:d3229d0c4f5a29399fe3d39cd64de216af15f8bce9a00932c0a7a5ddaa6418f7"
  name = "golang.org/x/sys"
  packages = [
    "cpu",
    "unix",
  ]
  pruneopts = "UT"
  revision = "f49334f85ddcf0f08d7fb6dd7363e9e6d6b777eb"

[[projects]]
  digest = "1:4d2e5a73dc1500038e504a8d78b986630e3626dc027bc030ba5c75da257cdb96"
  name = "gopkg.in/yaml.v2"
  packages = ["."]
  pruneopts = "UT"
  revision = "51d6538a90f86fe93ac480b35f37b2be17fef232"
  version = "v2.2.2"

[solve-meta]
  analyzer-name = "dep"
  analyzer-version = 1
  input-imports = [
    "github.com/golang/protobuf/proto",
    "github.com/gorilla/websocket",
    "github.com/kubeedge/beehive/pkg/common/log",
    "github.com/kubeedge/beehive/pkg/core/model",
    "github.com/lucas-clemente/quic-go",
  ]
  solver-name = "gps-cdcl"
  solver-version = 1
