# This file is autogenerated, do not edit; changes may be undone by the next 'dep ensure'.


[[projects]]
  digest = "1:5c3894b2aa4d6bead0ceeea6831b305d62879c871780e7b76296ded1b004bc57"
  name = "cloud.google.com/go"
  packages = ["compute/metadata"]
  pruneopts = "UT"
  revision = "dfffe386c33fb24c34ee501e5723df5b97b98514"
  version = "v0.30.0"

[[projects]]
  branch = "master"
  digest = "1:6da51e5ec493ad2b44cb04129e2d0a068c8fb9bd6cb5739d199573558696bb94"
  name = "github.com/Azure/go-ansiterm"
  packages = [
    ".",
    "winterm",
  ]
  pruneopts = "UT"
  revision = "d6e3b3328b783f23731bc4d058875b0371ff8109"

[[projects]]
  branch = "master"
  digest = "1:2608e06730dcdf85183940e6b5ff068b5e6fc0777a6b4a99cd0182594b030e00"
  name = "github.com/JeffAshton/win_pdh"
  packages = ["."]
  pruneopts = "UT"
  revision = "76bb4ee9f0ab50f77826f2a2ee7fb9d3880d6ec2"

[[projects]]
  digest = "1:f9ae348e1f793dcf9ed930ed47136a67343dbd6809c5c91391322267f4476892"
  name = "github.com/Microsoft/go-winio"
  packages = ["."]
  pruneopts = "UT"
  revision = "97e4973ce50b2ff5f09635a57e2b88a037aae829"
  version = "v0.4.11"

[[projects]]
  branch = "master"
  digest = "1:3721a10686511b80c052323423f0de17a8c06d417dbdd3b392b1578432a33aae"
  name = "github.com/Nvveen/Gotty"
  packages = ["."]
  pruneopts = "UT"
  revision = "cd527374f1e5bff4938207604a14f2e38a9cf512"

[[projects]]
  digest = "1:b75aca481cf296a216157d0cf8ed4e14c7326b1783da3fca235897683ac3e974"
  name = "github.com/ServiceComb/go-archaius"
  packages = [
    ".",
    "sources/file-source",
  ]
  pruneopts = "UT"
  revision = "32bc89fe32ac9777e93e4140d338ce3001a89f85"
  version = "v0.1"

[[projects]]
  digest = "1:777a81f0ba3162b51a2c63170d011a5b764cc0ba13a0c47e016d31f8447acc41"
  name = "github.com/ServiceComb/paas-lager"
  packages = [
    ".",
    "rotate",
  ]
  pruneopts = "UT"
  revision = "eff93e5e67dbf7eab20c058db4e37e8739bf8df5"
  version = "v1.0"

[[projects]]
  digest = "1:c455036fb289e0cbce632c7f3a23f10141edb7ccbb75906d56775d3b356b826a"
  name = "github.com/abbot/go-http-auth"
  packages = ["."]
  pruneopts = "UT"
  revision = "0ddd408d5d60ea76e320503cc7dd091992dee608"
  version = "v0.4.0"

[[projects]]
  branch = "master"
  digest = "1:752f1e64a07686d354c797fbde07c21f3d0e5a24f096858dbb731765a7e6a449"
  name = "github.com/armon/circbuf"
  packages = ["."]
  pruneopts = "UT"
  revision = "bbbad097214e2918d8543d5201d12bfd7bca254d"

[[projects]]
  digest = "0:"
  name = "github.com/astaxie/beego"
  packages = ["orm"]
  pruneopts = "UT"
  revision = ""
  version = "v1.9.2"

[[projects]]
  digest = "1:e450b27d1df19c418c863e3df99439750dd5f2e086f2ad395f9012246e207ac7"
  name = "github.com/aws/aws-sdk-go"
  packages = [
    "aws",
    "aws/awserr",
    "aws/awsutil",
    "aws/client",
    "aws/client/metadata",
    "aws/corehandlers",
    "aws/credentials",
    "aws/credentials/ec2rolecreds",
    "aws/credentials/endpointcreds",
    "aws/credentials/stscreds",
    "aws/csm",
    "aws/defaults",
    "aws/ec2metadata",
    "aws/endpoints",
    "aws/request",
    "aws/session",
    "aws/signer/v4",
    "internal/ini",
    "internal/sdkio",
    "internal/sdkrand",
    "internal/sdkuri",
    "internal/shareddefaults",
    "private/protocol",
    "private/protocol/query",
    "private/protocol/query/queryutil",
    "private/protocol/rest",
    "private/protocol/xml/xmlutil",
    "service/sts",
  ]
  pruneopts = "UT"
  revision = "c0037b52736b07cea4e0cb6521f7995adef833bc"
  version = "v1.15.59"

[[projects]]
  branch = "master"
  digest = "1:d6afaeed1502aa28e80a4ed0981d570ad91b2579193404256ce672ed0a609e0d"
  name = "github.com/beorn7/perks"
  packages = ["quantile"]
  pruneopts = "UT"
  revision = "3a771d992973f24aa725d07868b467d1ddfceafb"

[[projects]]
  digest = "1:705c40022f5c03bf96ffeb6477858d88565064485a513abcd0f11a0911546cb6"
  name = "github.com/blang/semver"
  packages = ["."]
  pruneopts = "UT"
  revision = "2ee87856327ba09384cabd113bc6b5d174e9ec0f"
  version = "v3.5.1"

[[projects]]
  digest = "1:d8abdc866ebbe05fa3bce50863e23afd4c73c804b90c908caa864e86df1db8a1"
  name = "github.com/bouk/monkey"
  packages = ["."]
  pruneopts = "UT"
  revision = "5df1f207ff77e025801505ae4d903133a0b4353f"
  version = "v1.0.0"

[[projects]]
  branch = "master"
  digest = "1:1ed8f94f16010f9e1a419a818ec8ed5765d04561e6bfcc872e3a5a16fbae08b2"
  name = "github.com/containerd/console"
  packages = ["."]
  pruneopts = "UT"
  revision = "c12b1e7919c14469339a5d38f2f8ed9b64a9de23"

[[projects]]
  digest = "1:625e8d6cbc56a7a96ee9780dd59b24a6955e043395fd2e3df45db493620ecc80"
  name = "github.com/containerd/containerd"
  packages = [
    "api/services/containers/v1",
    "api/services/tasks/v1",
    "api/services/version/v1",
    "api/types",
    "api/types/task",
    "containers",
    "dialer",
    "errdefs",
    "namespaces",
  ]
  pruneopts = "UT"
  revision = "27d450a01bb533d7ebc5701eb52792565396b084"

[[projects]]
  digest = "1:fe3f893dc4d7c53ee3bf3be59921ce540600dde90818c143f1b9a89f8667a547"
  name = "github.com/containernetworking/cni"
  packages = [
    "libcni",
    "pkg/invoke",
    "pkg/types",
    "pkg/types/020",
    "pkg/types/current",
    "pkg/version",
  ]
  pruneopts = "UT"
  revision = "a7885cb6f8ab03fba07852ded351e4f5e7a112bf"
  version = "v0.6.0"

[[projects]]
  digest = "1:d976f75bc1bc6cdbef99ae503e713f753d98d9effb9e278701956ee34cee1b33"
  name = "github.com/coreos/etcd"
  packages = [
    "client",
    "pkg/pathutil",
    "pkg/srv",
    "pkg/types",
    "version",
  ]
  pruneopts = "UT"
  revision = "27fc7e2296f506182f58ce846e48f36b34fe6842"
  version = "v3.3.10"

[[projects]]
  digest = "1:0ef770954bca104ee99b3b6b7f9b240605ac03517d9f98cbc1893daa03f3c038"
  name = "github.com/coreos/go-semver"
  packages = ["semver"]
  pruneopts = "UT"
  revision = "8ab6407b697782a06568d4b7f1db25550ec2e4c6"
  version = "v0.2.0"

[[projects]]
  digest = "1:b3859c256fbb284fec5882f599e7e51cba5a3a9dd70e5d8d2bcdb218c4c5ac0d"
  name = "github.com/coreos/go-systemd"
  packages = [
    "dbus",
    "util",
  ]
  pruneopts = "UT"
  revision = "39ca1b05acc7ad1220e09f133283b8859a8b71ab"
  version = "v17"

[[projects]]
  digest = "1:6e2ff82d2fe11ee35ec8dceb4346b8144a761f1c8655592c4ebe99a92fcec327"
  name = "github.com/coreos/pkg"
  packages = ["dlopen"]
  pruneopts = "UT"
  revision = "97fdf19511ea361ae1c100dd393cc47f8dcfa1e1"
  version = "v4"

[[projects]]
  digest = "1:026648b32e84057740dde0a1b309b9b90f19afcc6ab2faf98998d0ac518bfe3a"
  name = "github.com/coreos/rkt"
  packages = ["api/v1alpha"]
  pruneopts = "UT"
  revision = "e04dd994baa1051f1205578d12d69eec83dbb905"
  version = "v1.30.0"

[[projects]]
  digest = "1:ec66ad050342a3573ed2f5a4337d51b4c6d5d2a717cc6c9ecf86b081235a5759"
  name = "github.com/cyphar/filepath-securejoin"
  packages = ["."]
  pruneopts = "UT"
  revision = "a261ee33d7a517f054effbf451841abaafe3e0fd"
  version = "v0.2.2"

[[projects]]
  digest = "1:ffe9824d294da03b391f44e1ae8281281b4afc1bdaa9588c9097785e3af10cec"
  name = "github.com/davecgh/go-spew"
  packages = ["spew"]
  pruneopts = "UT"
  revision = "8991bc29aa16c548c550c7ff78260e27b9ab7c73"
  version = "v1.1.1"

[[projects]]
  branch = "master"
  digest = "1:b78a58e00a1b951af4803ddfefbbcae14c7cacce3940ebad359c9d5582bf74a0"
  name = "github.com/dchest/safefile"
  packages = ["."]
  pruneopts = "UT"
  revision = "855e8d98f1852d48dde521e0522408d1fe7e836a"

[[projects]]
  branch = "master"
  digest = "1:4ddc17aeaa82cb18c5f0a25d7c253a10682f518f4b2558a82869506eec223d76"
  name = "github.com/docker/distribution"
  packages = [
    "digestset",
    "reference",
  ]
  pruneopts = "UT"
  revision = "1cb4180b1a5b9c029b2f2beaeb38f0b5cf64e12e"

[[projects]]
  digest = "1:fc1499c2763d2f1f25dffb0df90f5cc6bc546874c216b05ebf956d4bf6e49d1b"
  name = "github.com/docker/docker"
  packages = [
    "api",
    "api/types",
    "api/types/blkiodev",
    "api/types/container",
    "api/types/events",
    "api/types/filters",
    "api/types/image",
    "api/types/mount",
    "api/types/network",
    "api/types/registry",
    "api/types/strslice",
    "api/types/swarm",
    "api/types/swarm/runtime",
    "api/types/time",
    "api/types/versions",
    "api/types/volume",
    "client",
    "pkg/ioutils",
    "pkg/jsonlog",
    "pkg/jsonmessage",
    "pkg/longpath",
    "pkg/mount",
    "pkg/parsers",
    "pkg/stdcopy",
    "pkg/sysinfo",
    "pkg/system",
    "pkg/term",
    "pkg/term/windows",
    "pkg/tlsconfig",
  ]
  pruneopts = "UT"
  revision = "4f3616fb1c112e206b88cb7a9922bf49067a7756"

[[projects]]
  digest = "1:811c86996b1ca46729bad2724d4499014c4b9effd05ef8c71b852aad90deb0ce"
  name = "github.com/docker/go-connections"
  packages = [
    "nat",
    "sockets",
    "tlsconfig",
  ]
  pruneopts = "UT"
  revision = "7395e3f8aa162843a74ed6d48e79627d9792ac55"
  version = "v0.4.0"

[[projects]]
  digest = "1:6f82cacd0af5921e99bf3f46748705239b36489464f4529a1589bc895764fb18"
  name = "github.com/docker/go-units"
  packages = ["."]
  pruneopts = "UT"
  revision = "47565b4f722fb6ceae66b95f853feed578a4a51c"
  version = "v0.3.3"

[[projects]]
  branch = "master"
  digest = "1:4841e14252a2cecf11840bd05230412ad469709bbacfc12467e2ce5ad07f339b"
  name = "github.com/docker/libtrust"
  packages = ["."]
  pruneopts = "UT"
  revision = "aabc10ec26b754e797f9028f4589c5b7bd90dc20"

[[projects]]
  digest = "1:58be7025fd84632dfbb8a398f931b5bdbbecc0390e4385df4ae56775487a0f87"
  name = "github.com/docker/spdystream"
  packages = [
    ".",
    "spdy",
  ]
  pruneopts = "UT"
  revision = "449fdfce4d962303d702fec724ef0ad181c92528"

[[projects]]
  digest = "1:184008c955d6a3226b700c13ed0e875a7a051a759618f9bccba9b5c99f17faa5"
  name = "github.com/eclipse/paho.mqtt.golang"
  packages = [
    ".",
    "packets",
  ]
  pruneopts = "UT"
  revision = "36d01c2b4cbeb3d2a12063e4880ce30800af9560"
  version = "v1.1.1"

[[projects]]
  digest = "1:899234af23e5793c34e06fd397f86ba33af5307b959b6a7afd19b63db065a9d7"
  name = "github.com/emicklei/go-restful"
  packages = [
    ".",
    "log",
  ]
  pruneopts = "UT"
  revision = "3eb9738c1697594ea6e71a7156a9bb32ed216cf0"
  version = "v2.8.0"

[[projects]]
  digest = "1:090a62de4c2a9a8865af567f15f64067962f562c7d30fdad4f37991109928195"
  name = "github.com/euank/go-kmsg-parser"
  packages = ["kmsgparser"]
  pruneopts = "UT"
  revision = "5ba4d492e455a77d25dcf0d2c4acc9f2afebef4e"
  version = "v2.0.0"

[[projects]]
  digest = "1:abeb38ade3f32a92943e5be54f55ed6d6e3b6602761d74b4aab4c9dd45c18abd"
  name = "github.com/fsnotify/fsnotify"
  packages = ["."]
  pruneopts = "UT"
  revision = "c2828203cd70a50dcccfb2761f8b1f8ceef9a8e9"
  version = "v1.4.7"

[[projects]]
  digest = "1:c45cef8e0074ea2f8176a051df38553ba997a3616f1ec2d35222b1cf9864881e"
  name = "github.com/ghodss/yaml"
  packages = ["."]
  pruneopts = "UT"
  revision = "73d445a93680fa1a78ae23a5839bad48f32ba1ee"

[[projects]]
  digest = "1:a81c1bc427850b9f040713c61b9df6af36edadf17297b926da0bb2f88af4b6cb"
  name = "github.com/go-chassis/go-archaius"
  packages = [
    "core",
    "core/cast",
    "core/config-manager",
    "core/event-system",
    "sources/commandline-source",
    "sources/enviromentvariable-source",
    "sources/file-source",
    "sources/memory-source",
  ]
  pruneopts = "UT"
  revision = "32bc89fe32ac9777e93e4140d338ce3001a89f85"
  version = "v0.1"

[[projects]]
  digest = "1:9b2d81b3eb9308b375df51796c89b39dca2cb355fe510d2dedcfbb4cc7a529d2"
  name = "github.com/go-chassis/paas-lager"
  packages = [
    "third_party/forked/cloudfoundry/lager",
    "third_party/forked/cloudfoundry/lager/color",
  ]
  pruneopts = "UT"
  revision = "eff93e5e67dbf7eab20c058db4e37e8739bf8df5"
  version = "v1.0"

[[projects]]
  branch = "master"
  digest = "1:c7d97aaa1af84c41ace25ecdbf61b100424db27fa4f6b019dabe9ecc325d2b79"
  name = "github.com/go-mesh/openlogging"
  packages = ["."]
  pruneopts = "UT"
  revision = "0fd4707a75abf72cce903d177396663e9adb0ad2"

[[projects]]
  digest = "1:57fa4c058c21ce25d0b7272518dd746065117abf6cc706158b0d361202024520"
  name = "github.com/godbus/dbus"
  packages = ["."]
  pruneopts = "UT"
  revision = "a389bdde4dd695d414e47b755e95e72b7826432c"
  version = "v4.1.0"

[[projects]]
  digest = "1:9b325ad8fa7f8fe51b805ebbd04d668c9c456494185a8c61add92f5667cd35bd"
  name = "github.com/gogo/protobuf"
  packages = [
    "gogoproto",
    "proto",
    "protoc-gen-gogo/descriptor",
    "sortkeys",
    "types",
  ]
  pruneopts = "UT"
  revision = "c0656edd0d9eab7c66d1eb0c568f9039345796f7"

[[projects]]
  digest = "1:2edd2416f89b4e841df0e4a78802ce14d2bc7ad79eba1a45986e39f0f8cb7d87"
  name = "github.com/golang/glog"
  packages = ["."]
  pruneopts = "UT"
  revision = "44145f04b68cf362d9c4df2182967c2275eaefed"

[[projects]]
  branch = "master"
  digest = "1:3fb07f8e222402962fa190eb060608b34eddfb64562a18e2167df2de0ece85d8"
  name = "github.com/golang/groupcache"
  packages = ["lru"]
  pruneopts = "UT"
  revision = "6f2cf27854a4a29e3811b0371547be335d411b8b"

[[projects]]
  digest = "1:bc38c7c481812e178d85160472e231c5e1c9a7f5845d67e23ee4e706933c10d8"
  name = "github.com/golang/mock"
  packages = ["gomock"]
  pruneopts = "UT"
  revision = "c34cdb4725f4c3844d095133c6e40e448b86589b"
  version = "v1.1.1"

[[projects]]
  digest = "1:5ac24c0ad5dc117fb2b6d90d205c876ec599c09cccb702a36586680e09cb20b5"
  name = "github.com/golang/protobuf"
  packages = [
    "proto",
    "ptypes",
    "ptypes/any",
    "ptypes/duration",
    "ptypes/empty",
    "ptypes/timestamp",
  ]
  pruneopts = "UT"
  revision = "aa810b61a9c79d51363740d207bb46cf8e620ed5"
  version = "v1.2.0"

[[projects]]
  digest = "1:6108fc1b5178611a58c3ee7f10e819e62f7cfa7e6bce1608ff86c992e912c677"
  name = "github.com/google/cadvisor"
  packages = [
    "accelerators",
    "api",
    "cache/memory",
    "collector",
    "container",
    "container/common",
    "container/containerd",
    "container/crio",
    "container/docker",
    "container/libcontainer",
    "container/raw",
    "container/rkt",
    "container/systemd",
    "devicemapper",
    "events",
    "fs",
    "healthz",
    "http",
    "http/mux",
    "info/v1",
    "info/v2",
    "machine",
    "manager",
    "manager/watcher",
    "manager/watcher/raw",
    "manager/watcher/rkt",
    "metrics",
    "pages",
    "pages/static",
    "storage",
    "summary",
    "utils",
    "utils/cloudinfo",
    "utils/cpuload",
    "utils/cpuload/netlink",
    "utils/docker",
    "utils/oomparser",
    "utils/sysfs",
    "utils/sysinfo",
    "validate",
    "version",
    "zfs",
  ]
  pruneopts = "UT"
  revision = "74cdd4597b07203ae9e268fc59f96f66f8afdc11"
  version = "v0.29.2"

[[projects]]
  digest = "1:41bfd4219241b7f7d6e6fdb13fc712576f1337e68e6b895136283b76928fdd66"
  name = "github.com/google/gofuzz"
  packages = ["."]
  pruneopts = "UT"
  revision = "44d81051d367757e1c7c6a5a86423ece9afcf63c"

[[projects]]
  digest = "1:3a26588bc48b96825977c1b3df964f8fd842cd6860cc26370588d3563433cf11"
  name = "github.com/google/uuid"
  packages = ["."]
  pruneopts = "UT"
  revision = "d460ce9f8df2e77fb1ba55ca87fafed96c607494"
  version = "v1.0.0"

[[projects]]
  digest = "1:65c4414eeb350c47b8de71110150d0ea8a281835b1f386eacaa3ad7325929c21"
  name = "github.com/googleapis/gnostic"
  packages = [
    "OpenAPIv2",
    "compiler",
    "extensions",
  ]
  pruneopts = "UT"
  revision = "7c663266750e7d82587642f65e60bc4083f1f84e"
  version = "v0.2.0"

[[projects]]
  digest = "1:c79fb010be38a59d657c48c6ba1d003a8aa651fa56b579d959d74573b7dff8e1"
  name = "github.com/gorilla/context"
  packages = ["."]
  pruneopts = "UT"
  revision = "08b5f424b9271eedf6f9f0ce86cb9396ed337a42"
  version = "v1.1.1"

[[projects]]
  digest = "1:e73f5b0152105f18bc131fba127d9949305c8693f8a762588a82a48f61756f5f"
  name = "github.com/gorilla/mux"
  packages = ["."]
  pruneopts = "UT"
  revision = "e3702bed27f0d39777b0b37b664b6280e8ef8fbf"
  version = "v1.6.2"

[[projects]]
  digest = "1:7b5c6e2eeaa9ae5907c391a91c132abfd5c9e8a784a341b5625e750c67e6825d"
  name = "github.com/gorilla/websocket"
  packages = ["."]
  pruneopts = "UT"
  revision = "66b9c49e59c6c48f0ffce28c2d8b8a5678502c6d"
  version = "v1.4.0"

[[projects]]
  digest = "1:3f90d23757c18b1e07bf11494dbe737ee2c44d881c0f41e681611abdadad62fa"
  name = "github.com/hashicorp/golang-lru"
  packages = [
    ".",
    "simplelru",
  ]
  pruneopts = "UT"
  revision = "a0d98a5f288019575c6d1f4bb1573fef2d1fcdc4"

[[projects]]
  digest = "1:e22af8c7518e1eab6f2eab2b7d7558927f816262586cd6ed9f349c97a6c285c4"
  name = "github.com/jmespath/go-jmespath"
  packages = ["."]
  pruneopts = "UT"
  revision = "0b12d6b5"

[[projects]]
  digest = "1:bb3cc4c1b21ea18cfa4e3e47440fc74d316ab25b0cf42927e8c1274917bd9891"
  name = "github.com/json-iterator/go"
  packages = ["."]
  pruneopts = "UT"
  revision = "f2b4162afba35581b6d4a50d3b8f34e33c144682"

[[projects]]
  digest = "1:0a69a1c0db3591fcefb47f115b224592c8dfa4368b7ba9fae509d5e16cdc95c8"
  name = "github.com/konsorten/go-windows-terminal-sequences"
  packages = ["."]
  pruneopts = "UT"
  revision = "5c8c8bd35d3832f5d134ae1e1e375b69a4d25242"
  version = "v1.0.1"

[[projects]]
  digest = "1:29d28429a93b076908a36420a7ecb2bf429d24c15a4b5e2c220ea00fc84b71af"
  name = "github.com/kr/pty"
  packages = ["."]
  pruneopts = "UT"
  revision = "db8e3cd836b82e82e0a9c8edc6896967dd31374f"
  version = "v1.1.3"

[[projects]]
  digest = "1:3cafc6a5a1b8269605d9df4c6956d43d8011fc57f266ca6b9d04da6c09dee548"
  name = "github.com/mattn/go-sqlite3"
  packages = ["."]
  pruneopts = "UT"
  revision = "25ecb14adfc7543176f7d85291ec7dba82c6f7e4"
  version = "v1.9.0"

[[projects]]
  digest = "1:ff5ebae34cfbf047d505ee150de27e60570e8c394b3b8fdbb720ff6ac71985fc"
  name = "github.com/matttproud/golang_protobuf_extensions"
  packages = ["pbutil"]
  pruneopts = "UT"
  revision = "c12348ce28de40eed0136aa2b644d0ee0650e56c"
  version = "v1.0.1"

[[projects]]
  branch = "master"
  digest = "1:e3ce5a64154024837d5824a16fa20c0cedf949f626929709069afd425d5af0db"
  name = "github.com/mindprince/gonvml"
  packages = ["."]
  pruneopts = "UT"
  revision = "b364b296c7320f5d3dc084aa536a3dba33b68f90"

[[projects]]
  digest = "1:fd9afb636537cb8dfc4640f95521faf5f568acb07d7914925921e4ed1b5a1a63"
  name = "github.com/mistifyio/go-zfs"
  packages = ["."]
  pruneopts = "UT"
  revision = "cdc0f941c4d0e0e94d85348285568d921891e138"
  version = "v2.1.1"

[[projects]]
  digest = "1:33422d238f147d247752996a26574ac48dcf472976eda7f5134015f06bf16563"
  name = "github.com/modern-go/concurrent"
  packages = ["."]
  pruneopts = "UT"
  revision = "bacd9c7ef1dd9b15be4a9909b8ac7a4e313eec94"
  version = "1.0.3"

[[projects]]
  digest = "1:e32bdbdb7c377a07a9a46378290059822efdce5c8d96fe71940d87cb4f918855"
  name = "github.com/modern-go/reflect2"
  packages = ["."]
  pruneopts = "UT"
  revision = "4b7aa43c6742a2c18fdef89dd197aaae7dac7ccd"
  version = "1.0.1"

[[projects]]
  branch = "master"
  digest = "1:a8fbf0fec8d03cb034316610ec25ad82d577ec709a4068bb2d139cf5c744ef56"
  name = "github.com/mrunalp/fileutils"
  packages = ["."]
  pruneopts = "UT"
  revision = "7d4729fb36185a7c1719923406c9d40e54fb93c7"

[[projects]]
  digest = "1:ee4d4af67d93cc7644157882329023ce9a7bcfce956a079069a9405521c7cc8d"
  name = "github.com/opencontainers/go-digest"
  packages = ["."]
  pruneopts = "UT"
  revision = "279bed98673dd5bef374d3b6e4b09e2af76183bf"
  version = "v1.0.0-rc1"

[[projects]]
  digest = "1:11db38d694c130c800d0aefb502fb02519e514dc53d9804ce51d1ad25ec27db6"
  name = "github.com/opencontainers/image-spec"
  packages = [
    "specs-go",
    "specs-go/v1",
  ]
  pruneopts = "UT"
  revision = "d60099175f88c47cd379c4738d158884749ed235"
  version = "v1.0.1"

[[projects]]
  digest = "1:87751678bd4ef8b34b0d6ef393ed240c0bcec38a2371095ad9b880de880884e8"
  name = "github.com/opencontainers/runc"
  packages = [
    "libcontainer",
    "libcontainer/apparmor",
    "libcontainer/cgroups",
    "libcontainer/cgroups/fs",
    "libcontainer/cgroups/systemd",
    "libcontainer/configs",
    "libcontainer/configs/validate",
    "libcontainer/criurpc",
    "libcontainer/intelrdt",
    "libcontainer/keys",
    "libcontainer/mount",
    "libcontainer/seccomp",
    "libcontainer/stacktrace",
    "libcontainer/system",
    "libcontainer/user",
    "libcontainer/utils",
  ]
  pruneopts = "UT"
  revision = "871ba2e58e24314d1fab4517a80410191ba5ad01"

[[projects]]
  digest = "1:57234a321bf1f8f98a8a9a5122a2404cc60d0800516f4ab7a7b2375e4b2d19ea"
  name = "github.com/opencontainers/runtime-spec"
  packages = ["specs-go"]
  pruneopts = "UT"
  revision = "4e3b9264a330d094b0386c3703c5f379119711e8"
  version = "v1.0.1"

[[projects]]
  digest = "1:5c65c485fa22fdfd6937db07aaf879904a4745770ee416d8d1f2a1434dc2d8ce"
  name = "github.com/opencontainers/selinux"
  packages = [
    "go-selinux",
    "go-selinux/label",
  ]
  pruneopts = "UT"
  revision = "ba1aefe8057f1d0cfb8e88d0ec1dc85925ef987d"
  version = "v1.0.0-rc1"

[[projects]]
  digest = "1:e5d0bd87abc2781d14e274807a470acd180f0499f8bf5bb18606e9ec22ad9de9"
  name = "github.com/pborman/uuid"
  packages = ["."]
  pruneopts = "UT"
  revision = "adf5a7427709b9deb95d29d3fa8a2bf9cfd388f1"
  version = "v1.2"

[[projects]]
  digest = "1:40e195917a951a8bf867cd05de2a46aaf1806c50cf92eebf4c16f78cd196f747"
  name = "github.com/pkg/errors"
  packages = ["."]
  pruneopts = "UT"
  revision = "645ef00459ed84a119197bfb8d8205042c6df63d"
  version = "v0.8.0"

[[projects]]
  digest = "1:0028cb19b2e4c3112225cd871870f2d9cf49b9b4276531f03438a88e94be86fe"
  name = "github.com/pmezard/go-difflib"
  packages = ["difflib"]
  pruneopts = "UT"
  revision = "792786c7400a136282c1664665ae0a8db921c6c2"
  version = "v1.0.0"

[[projects]]
  digest = "1:c1cbbf5dedb9787b699cfeed992704fa01ef4d3f01a0b29dcff76854aeecf763"
  name = "github.com/prometheus/client_golang"
  packages = [
    "prometheus",
    "prometheus/promhttp",
  ]
  pruneopts = "UT"
  revision = "08fd2e12372a66e68e30523c7642e0cbc3e4fbde"

[[projects]]
  branch = "master"
  digest = "1:2d5cd61daa5565187e1d96bae64dbbc6080dacf741448e9629c64fd93203b0d4"
  name = "github.com/prometheus/client_model"
  packages = ["go"]
  pruneopts = "UT"
  revision = "5c3871d89910bfb32f5fcab2aa4b9ec68e65a99f"

[[projects]]
  branch = "master"
  digest = "1:c0d39a0cad193ac49b6e24516e0f994b241d7c27142e5a58e8bd13defb2d9ac8"
  name = "github.com/prometheus/common"
  packages = [
    "expfmt",
    "internal/bitbucket.org/ww/goautoneg",
    "model",
  ]
  pruneopts = "UT"
  revision = "bcb74de08d37a417cb6789eec1d6c810040f0470"

[[projects]]
  branch = "master"
  digest = "1:ef74914912f99c79434d9c09658274678bc85080ebe3ab32bec3940ebce5e1fc"
  name = "github.com/prometheus/procfs"
  packages = [
    ".",
    "internal/util",
    "nfs",
    "xfs",
  ]
  pruneopts = "UT"
  revision = "185b4288413d2a0dd0806f78c90dde719829e5ae"

[[projects]]
  digest = "1:8ac2fefd265e2953356a33e07bd6148b18374c310d6b943b817db9e2c628d6c9"
  name = "github.com/renstrom/dedent"
  packages = ["."]
  pruneopts = "UT"
  revision = "a1eba44eaecc89804e4b05ce2d17168eb353d524"
  version = "v1.0.0"

[[projects]]
  digest = "1:026648b32e84057740dde0a1b309b9b90f19afcc6ab2faf98998d0ac518bfe3a"
  name = "github.com/rkt/rkt"
  packages = ["api/v1alpha"]
  pruneopts = "UT"
  revision = "e04dd994baa1051f1205578d12d69eec83dbb905"
  version = "v1.30.0"

[[projects]]
  digest = "1:274f67cb6fed9588ea2521ecdac05a6d62a8c51c074c1fccc6a49a40ba80e925"
  name = "github.com/satori/go.uuid"
  packages = ["."]
  pruneopts = "UT"
  revision = "f58768cc1a7a7e77a3bd49e98cdd21419399b6a3"
  version = "v1.2.0"

[[projects]]
  digest = "1:76b02b3f516299ddfed21a4e7ce26cda0b9a57f14575bfe4aa2d644ea0e8e24c"
  name = "github.com/seccomp/libseccomp-golang"
  packages = ["."]
  pruneopts = "UT"
  revision = "e3496e3a417d1dc9ecdceca5af2513271fed37a0"
  version = "v0.9.0"

[[projects]]
  digest = "1:3f53e9e4dfbb664cd62940c9c4b65a2171c66acd0b7621a1a6b8e78513525a52"
  name = "github.com/sirupsen/logrus"
  packages = ["."]
  pruneopts = "UT"
  revision = "ad15b42461921f1fb3529b058c6786c6a45d5162"
  version = "v1.1.1"

[[projects]]
  digest = "1:6a4a11ba764a56d2758899ec6f3848d24698d48442ebce85ee7a3f63284526cd"
  name = "github.com/spf13/afero"
  packages = [
    ".",
    "mem",
  ]
  pruneopts = "UT"
  revision = "d40851caa0d747393da1ffb28f7f9d8b4eeffebd"
  version = "v1.1.2"

[[projects]]
  digest = "1:516e71bed754268937f57d4ecb190e01958452336fa73dbac880894164e91c1f"
  name = "github.com/spf13/cast"
  packages = ["."]
  pruneopts = "UT"
  revision = "8965335b8c7107321228e3e3702cab9832751bac"
  version = "v1.2.0"

[[projects]]
  digest = "1:c1b1102241e7f645bc8e0c22ae352e8f0dc6484b6cb4d132fa9f24174e0119e2"
  name = "github.com/spf13/pflag"
  packages = ["."]
  pruneopts = "UT"
  revision = "298182f68c66c05229eb03ac171abe6e309ee79a"
  version = "v1.0.3"

[[projects]]
  digest = "1:ac83cf90d08b63ad5f7e020ef480d319ae890c208f8524622a2f3136e2686b02"
  name = "github.com/stretchr/objx"
  packages = ["."]
  pruneopts = "UT"
  revision = "477a77ecc69700c7cdeb1fa9e129548e1c1c393c"
  version = "v0.1.1"

[[projects]]
  digest = "1:15a4a7e5afac3cea801fa24831fce3bf3b5bd3620cbf8355a07b7dbf06877883"
  name = "github.com/stretchr/testify"
  packages = [
    "assert",
    "mock",
  ]
  pruneopts = "UT"
  revision = "f35b8ab0b5a2cef36673838d662e249dd9c94686"
  version = "v1.2.2"

[[projects]]
  branch = "master"
  digest = "1:e14e467ed00ab98665623c5060fa17e3d7079be560ffc33cabafd05d35894f05"
  name = "github.com/syndtr/gocapability"
  packages = ["capability"]
  pruneopts = "UT"
  revision = "d98352740cb2c55f81556b63d4a1ec64c5a319c2"

[[projects]]
  digest = "1:03aa6e485e528acb119fb32901cf99582c380225fc7d5a02758e08b180cb56c3"
  name = "github.com/ugorji/go"
  packages = ["codec"]
  pruneopts = "UT"
  revision = "b4c50a2b199d93b13dc15e78929cfb23bfdf21ab"
  version = "v1.1.1"

[[projects]]
  digest = "1:2d9d06cb9d46dacfdbb45f8575b39fc0126d083841a29d4fbf8d97708f43107e"
  name = "github.com/vishvananda/netlink"
  packages = [
    ".",
    "nl",
  ]
  pruneopts = "UT"
  revision = "a2ad57a690f3caf3015351d2d6e1c0b95c349752"
  version = "v1.0.0"

[[projects]]
  branch = "master"
  digest = "1:e4e30678fb2560b5c62f6308c5023d6c294fc7713216fa379411cc74465e866f"
  name = "github.com/vishvananda/netns"
  packages = ["."]
  pruneopts = "UT"
  revision = "13995c7128ccc8e51e9a6bd2b551020a27180abd"

[[projects]]
  digest = "1:ebe6182358427e951fc3f0ff1f84a290c3f9cc9edd53d79d6a63db3065abb730"
  name = "golang.org/x/crypto"
  packages = [
    "bcrypt",
    "blowfish",
    "ed25519",
    "ed25519/internal/edwards25519",
    "pbkdf2",
    "ssh/terminal",
  ]
  pruneopts = "UT"
  revision = "de0752318171da717af4ce24d0a2e8626afaeb11"

[[projects]]
  digest = "1:d029e9e01ae012bca87667ac1806494b9c603478f0407ddd48592b9a4ebd346f"
  name = "golang.org/x/exp"
  packages = ["inotify"]
  pruneopts = "UT"
  revision = "292a51b8d262487dab23a588950e8052d63d9113"

[[projects]]
  branch = "master"
  digest = "1:5ce3f344e74c34dc71d2a658d2221395bb513315cd8a4ef6e08e05dec00b6c55"
  name = "golang.org/x/net"
  packages = [
    "context",
    "context/ctxhttp",
    "http/httpguts",
    "http2",
    "http2/hpack",
    "idna",
    "internal/socks",
    "internal/timeseries",
    "proxy",
    "trace",
    "websocket",
  ]
  pruneopts = "UT"
  revision = "04a2e542c03f1d053ab3e4d6e5abcd4b66e2be8e"

[[projects]]
  branch = "master"
  digest = "1:bececf436a23bf63181438c4ef4f7f47816b87ff879083d83ca1321f9001a354"
  name = "golang.org/x/sys"
  packages = [
    "unix",
    "windows",
  ]
  pruneopts = "UT"
  revision = "8f1d3d21f81be6e86ebcd6febee89c89bc50719f"

[[projects]]
  digest = "1:a2ab62866c75542dd18d2b069fec854577a20211d7c0ea6ae746072a1dccdd18"
  name = "golang.org/x/text"
  packages = [
    "collate",
    "collate/build",
    "internal/colltab",
    "internal/gen",
    "internal/tag",
    "internal/triegen",
    "internal/ucd",
    "language",
    "secure/bidirule",
    "transform",
    "unicode/bidi",
    "unicode/cldr",
    "unicode/norm",
    "unicode/rangetable",
  ]
  pruneopts = "UT"
  revision = "f21a4dfb5e38f5895301dc265a8def02365cc3d0"
  version = "v0.3.0"

[[projects]]
  digest = "1:d37b0ef2944431fe9e8ef35c6fffc8990d9e2ca300588df94a6890f3649ae365"
  name = "golang.org/x/time"
  packages = ["rate"]
  pruneopts = "UT"
  revision = "f51c12702a4d776e4c1fa9b0fabab841babae631"

[[projects]]
  branch = "master"
  digest = "1:56b0bca90b7e5d1facf5fbdacba23e4e0ce069d25381b8e2f70ef1e7ebfb9c1a"
  name = "google.golang.org/genproto"
  packages = ["googleapis/rpc/status"]
  pruneopts = "UT"
  revision = "94acd270e44e65579b9ee3cdab25034d33fed608"

[[projects]]
  digest = "1:ab8e92d746fb5c4c18846b0879842ac8e53b3d352449423d0924a11f1020ae1b"
  name = "google.golang.org/grpc"
  packages = [
    ".",
    "balancer",
    "balancer/base",
    "balancer/roundrobin",
    "codes",
    "connectivity",
    "credentials",
    "encoding",
    "encoding/proto",
    "grpclog",
    "internal",
    "internal/backoff",
    "internal/channelz",
    "internal/envconfig",
    "internal/grpcrand",
    "internal/transport",
    "keepalive",
    "metadata",
    "naming",
    "peer",
    "resolver",
    "resolver/dns",
    "resolver/passthrough",
    "stats",
    "status",
    "tap",
  ]
  pruneopts = "UT"
  revision = "8dea3dc473e90c8179e519d91302d0597c0ca1d1"
  version = "v1.15.0"

[[projects]]
  digest = "1:ef72505cf098abdd34efeea032103377bec06abb61d8a06f002d5d296a4b1185"
  name = "gopkg.in/inf.v0"
  packages = ["."]
  pruneopts = "UT"
  revision = "3887ee99ecf07df5b447e9b00d9c0b2adaa9f3e4"
  version = "v0.9.0"

[[projects]]
  digest = "1:7fbe10f3790dc4e6296c7c844c5a9b35513e5521c29c47e10ba99cd2956a2719"
  name = "gopkg.in/square/go-jose.v2"
  packages = [
    ".",
    "cipher",
    "json",
    "jwt",
  ]
  pruneopts = "UT"
  revision = "ef984e69dd356202fd4e4910d4d9c24468bdf0b8"
  version = "v2.1.9"

[[projects]]
  digest = "1:342378ac4dcb378a5448dd723f0784ae519383532f5e70ade24132c4c8693202"
  name = "gopkg.in/yaml.v2"
  packages = ["."]
  pruneopts = "UT"
  revision = "5420a8b6744d3b0345ab293f6fcba19c978f1183"
  version = "v2.2.1"

[[projects]]
  digest = "1:72188b551a104fa22e73dc1ef499ec116d3811db6df8df0d992bd57bb580ccfe"
  name = "k8s.io/api"
  packages = [
    "admissionregistration/v1alpha1",
    "admissionregistration/v1beta1",
    "apps/v1",
    "apps/v1beta1",
    "apps/v1beta2",
    "authentication/v1",
    "authentication/v1beta1",
    "authorization/v1",
    "authorization/v1beta1",
    "autoscaling/v1",
    "autoscaling/v2beta1",
    "batch/v1",
    "batch/v1beta1",
    "batch/v2alpha1",
    "certificates/v1beta1",
    "core/v1",
    "events/v1beta1",
    "extensions/v1beta1",
    "networking/v1",
    "policy/v1beta1",
    "rbac/v1",
    "rbac/v1alpha1",
    "rbac/v1beta1",
    "scheduling/v1alpha1",
    "settings/v1alpha1",
    "storage/v1",
    "storage/v1alpha1",
    "storage/v1beta1",
  ]
  pruneopts = "UT"
  revision = "12444147eb1150aa5c80d2aae532cbc5b7be73d0"
  version = "kubernetes-1.10.9"

[[projects]]
  branch = "master"
  digest = "1:fa432f3acd7631bca4888e8d0f1db60cc46aef6a2d85a7f87f0ade54ea0ba56e"
  name = "k8s.io/apiextensions-apiserver"
  packages = ["pkg/features"]
  pruneopts = "UT"
  revision = "2867844605ff2cb7086eb25e19ad86c02e3319ad"

[[projects]]
  digest = "1:ae9bbe1e278c20354f9cf499b2808989e6b950a7505ad80e17d9e24d9af94d6f"
  name = "k8s.io/apimachinery"
  packages = [
    "pkg/api/equality",
    "pkg/api/errors",
    "pkg/api/meta",
    "pkg/api/resource",
    "pkg/api/validation",
    "pkg/api/validation/path",
    "pkg/apimachinery",
    "pkg/apimachinery/announced",
    "pkg/apimachinery/registered",
    "pkg/apis/meta/internalversion",
    "pkg/apis/meta/v1",
    "pkg/apis/meta/v1/unstructured",
    "pkg/apis/meta/v1/validation",
    "pkg/apis/meta/v1beta1",
    "pkg/conversion",
    "pkg/conversion/queryparams",
    "pkg/fields",
    "pkg/labels",
    "pkg/runtime",
    "pkg/runtime/schema",
    "pkg/runtime/serializer",
    "pkg/runtime/serializer/json",
    "pkg/runtime/serializer/protobuf",
    "pkg/runtime/serializer/recognizer",
    "pkg/runtime/serializer/streaming",
    "pkg/runtime/serializer/versioning",
    "pkg/selection",
    "pkg/types",
    "pkg/util/cache",
    "pkg/util/clock",
    "pkg/util/diff",
    "pkg/util/errors",
    "pkg/util/framer",
    "pkg/util/httpstream",
    "pkg/util/httpstream/spdy",
    "pkg/util/intstr",
    "pkg/util/json",
    "pkg/util/mergepatch",
    "pkg/util/net",
    "pkg/util/rand",
    "pkg/util/remotecommand",
    "pkg/util/runtime",
    "pkg/util/sets",
    "pkg/util/strategicpatch",
    "pkg/util/uuid",
    "pkg/util/validation",
    "pkg/util/validation/field",
    "pkg/util/wait",
    "pkg/util/yaml",
    "pkg/version",
    "pkg/watch",
    "third_party/forked/golang/json",
    "third_party/forked/golang/netutil",
    "third_party/forked/golang/reflect",
  ]
  pruneopts = "UT"
  revision = "e386b2658ed20923da8cc9250e552f082899a1ee"
  version = "kubernetes-1.10.9"

[[projects]]
  digest = "1:498ebd4bf19f19816ecf825f277c863f328ba6d291fbbdb6e4cf8dd666755559"
  name = "k8s.io/apiserver"
  packages = [
    "pkg/authentication/authenticator",
    "pkg/authentication/serviceaccount",
    "pkg/authentication/user",
    "pkg/features",
    "pkg/server/httplog",
    "pkg/storage",
    "pkg/storage/etcd",
    "pkg/storage/etcd/metrics",
    "pkg/storage/etcd/util",
    "pkg/util/feature",
    "pkg/util/trace",
    "pkg/util/wsstream",
  ]
  pruneopts = "UT"
  revision = "4ef68fbaea1baa714b5730a44ddb241e3f290005"
  version = "kubernetes-1.10.9"

[[projects]]
  digest = "1:c07b934022f532afe3a492db0c8582fd6145ac520433e254c24f9d22c48fe7d7"
  name = "k8s.io/client-go"
  packages = [
    "discovery",
    "discovery/fake",
    "informers",
    "informers/admissionregistration",
    "informers/admissionregistration/v1alpha1",
    "informers/admissionregistration/v1beta1",
    "informers/apps",
    "informers/apps/v1",
    "informers/apps/v1beta1",
    "informers/apps/v1beta2",
    "informers/autoscaling",
    "informers/autoscaling/v1",
    "informers/autoscaling/v2beta1",
    "informers/batch",
    "informers/batch/v1",
    "informers/batch/v1beta1",
    "informers/batch/v2alpha1",
    "informers/certificates",
    "informers/certificates/v1beta1",
    "informers/core",
    "informers/core/v1",
    "informers/events",
    "informers/events/v1beta1",
    "informers/extensions",
    "informers/extensions/v1beta1",
    "informers/internalinterfaces",
    "informers/networking",
    "informers/networking/v1",
    "informers/policy",
    "informers/policy/v1beta1",
    "informers/rbac",
    "informers/rbac/v1",
    "informers/rbac/v1alpha1",
    "informers/rbac/v1beta1",
    "informers/scheduling",
    "informers/scheduling/v1alpha1",
    "informers/settings",
    "informers/settings/v1alpha1",
    "informers/storage",
    "informers/storage/v1",
    "informers/storage/v1alpha1",
    "informers/storage/v1beta1",
    "kubernetes",
    "kubernetes/fake",
    "kubernetes/scheme",
    "kubernetes/typed/admissionregistration/v1alpha1",
    "kubernetes/typed/admissionregistration/v1alpha1/fake",
    "kubernetes/typed/admissionregistration/v1beta1",
    "kubernetes/typed/admissionregistration/v1beta1/fake",
    "kubernetes/typed/apps/v1",
    "kubernetes/typed/apps/v1/fake",
    "kubernetes/typed/apps/v1beta1",
    "kubernetes/typed/apps/v1beta1/fake",
    "kubernetes/typed/apps/v1beta2",
    "kubernetes/typed/apps/v1beta2/fake",
    "kubernetes/typed/authentication/v1",
    "kubernetes/typed/authentication/v1/fake",
    "kubernetes/typed/authentication/v1beta1",
    "kubernetes/typed/authentication/v1beta1/fake",
    "kubernetes/typed/authorization/v1",
    "kubernetes/typed/authorization/v1/fake",
    "kubernetes/typed/authorization/v1beta1",
    "kubernetes/typed/authorization/v1beta1/fake",
    "kubernetes/typed/autoscaling/v1",
    "kubernetes/typed/autoscaling/v1/fake",
    "kubernetes/typed/autoscaling/v2beta1",
    "kubernetes/typed/autoscaling/v2beta1/fake",
    "kubernetes/typed/batch/v1",
    "kubernetes/typed/batch/v1/fake",
    "kubernetes/typed/batch/v1beta1",
    "kubernetes/typed/batch/v1beta1/fake",
    "kubernetes/typed/batch/v2alpha1",
    "kubernetes/typed/batch/v2alpha1/fake",
    "kubernetes/typed/certificates/v1beta1",
    "kubernetes/typed/certificates/v1beta1/fake",
    "kubernetes/typed/core/v1",
    "kubernetes/typed/core/v1/fake",
    "kubernetes/typed/events/v1beta1",
    "kubernetes/typed/events/v1beta1/fake",
    "kubernetes/typed/extensions/v1beta1",
    "kubernetes/typed/extensions/v1beta1/fake",
    "kubernetes/typed/networking/v1",
    "kubernetes/typed/networking/v1/fake",
    "kubernetes/typed/policy/v1beta1",
    "kubernetes/typed/policy/v1beta1/fake",
    "kubernetes/typed/rbac/v1",
    "kubernetes/typed/rbac/v1/fake",
    "kubernetes/typed/rbac/v1alpha1",
    "kubernetes/typed/rbac/v1alpha1/fake",
    "kubernetes/typed/rbac/v1beta1",
    "kubernetes/typed/rbac/v1beta1/fake",
    "kubernetes/typed/scheduling/v1alpha1",
    "kubernetes/typed/scheduling/v1alpha1/fake",
    "kubernetes/typed/settings/v1alpha1",
    "kubernetes/typed/settings/v1alpha1/fake",
    "kubernetes/typed/storage/v1",
    "kubernetes/typed/storage/v1/fake",
    "kubernetes/typed/storage/v1alpha1",
    "kubernetes/typed/storage/v1alpha1/fake",
    "kubernetes/typed/storage/v1beta1",
    "kubernetes/typed/storage/v1beta1/fake",
    "listers/admissionregistration/v1alpha1",
    "listers/admissionregistration/v1beta1",
    "listers/apps/v1",
    "listers/apps/v1beta1",
    "listers/apps/v1beta2",
    "listers/autoscaling/v1",
    "listers/autoscaling/v2beta1",
    "listers/batch/v1",
    "listers/batch/v1beta1",
    "listers/batch/v2alpha1",
    "listers/certificates/v1beta1",
    "listers/core/v1",
    "listers/events/v1beta1",
    "listers/extensions/v1beta1",
    "listers/networking/v1",
    "listers/policy/v1beta1",
    "listers/rbac/v1",
    "listers/rbac/v1alpha1",
    "listers/rbac/v1beta1",
    "listers/scheduling/v1alpha1",
    "listers/settings/v1alpha1",
    "listers/storage/v1",
    "listers/storage/v1alpha1",
    "listers/storage/v1beta1",
    "pkg/apis/clientauthentication",
    "pkg/apis/clientauthentication/v1alpha1",
    "pkg/version",
    "plugin/pkg/client/auth/exec",
    "rest",
    "rest/watch",
    "testing",
    "tools/cache",
    "tools/clientcmd/api",
    "tools/metrics",
    "tools/pager",
    "tools/record",
    "tools/reference",
    "tools/remotecommand",
    "transport",
    "transport/spdy",
    "util/buffer",
    "util/cert",
    "util/exec",
    "util/flowcontrol",
    "util/integer",
    "util/retry",
    "util/workqueue",
  ]
  pruneopts = "UT"
  revision = "85ed251159e4b75b7015c864d71e0ff0afb64db2"
  version = "kubernetes-1.10.9"

[[projects]]
  branch = "master"
  digest = "1:a2c842a1e0aed96fd732b535514556323a6f5edfded3b63e5e0ab1bce188aa54"
  name = "k8s.io/kube-openapi"
  packages = ["pkg/util/proto"]
  pruneopts = "UT"
  revision = "e494cc58111187acad93e64529228a2fc0153e39"

[[projects]]
  digest = "1:331526abf14622f962b7798fa622ca53ca7e8513adfa1ced9b3e83f60a9ba168"
  name = "k8s.io/kubernetes"
  packages = [
    "pkg/api/legacyscheme",
    "pkg/api/service",
    "pkg/api/v1/pod",
    "pkg/api/v1/resource",
    "pkg/apis/autoscaling",
    "pkg/apis/core",
    "pkg/apis/core/helper",
    "pkg/apis/core/install",
    "pkg/apis/core/pods",
    "pkg/apis/core/v1",
    "pkg/apis/core/v1/helper",
    "pkg/apis/core/v1/helper/qos",
    "pkg/apis/core/validation",
    "pkg/apis/extensions",
    "pkg/apis/networking",
    "pkg/apis/scheduling",
    "pkg/capabilities",
    "pkg/cloudprovider",
    "pkg/controller",
    "pkg/controller/volume/events",
    "pkg/controller/volume/expand/cache",
    "pkg/controller/volume/persistentvolume",
    "pkg/controller/volume/persistentvolume/metrics",
    "pkg/credentialprovider",
    "pkg/credentialprovider/secrets",
    "pkg/features",
    "pkg/fieldpath",
    "pkg/kubelet/apis",
    "pkg/kubelet/apis/cri",
    "pkg/kubelet/apis/cri/runtime/v1alpha2",
    "pkg/kubelet/apis/deviceplugin/v1beta1",
    "pkg/kubelet/apis/kubeletconfig",
    "pkg/kubelet/apis/stats/v1alpha1",
    "pkg/kubelet/cadvisor",
    "pkg/kubelet/checkpoint",
    "pkg/kubelet/cm",
    "pkg/kubelet/cm/cpumanager",
    "pkg/kubelet/cm/cpumanager/state",
    "pkg/kubelet/cm/cpumanager/topology",
    "pkg/kubelet/cm/cpuset",
    "pkg/kubelet/cm/devicemanager",
    "pkg/kubelet/cm/util",
    "pkg/kubelet/config",
    "pkg/kubelet/configmap",
    "pkg/kubelet/container",
    "pkg/kubelet/container/testing",
    "pkg/kubelet/dockershim",
    "pkg/kubelet/dockershim/cm",
    "pkg/kubelet/dockershim/libdocker",
    "pkg/kubelet/dockershim/metrics",
    "pkg/kubelet/events",
    "pkg/kubelet/eviction/api",
    "pkg/kubelet/gpu",
    "pkg/kubelet/gpu/nvidia",
    "pkg/kubelet/images",
    "pkg/kubelet/kuberuntime",
    "pkg/kubelet/kuberuntime/logs",
    "pkg/kubelet/leaky",
    "pkg/kubelet/lifecycle",
    "pkg/kubelet/metrics",
    "pkg/kubelet/network",
    "pkg/kubelet/network/cni",
    "pkg/kubelet/network/hostport",
    "pkg/kubelet/network/kubenet",
    "pkg/kubelet/network/metrics",
    "pkg/kubelet/pleg",
    "pkg/kubelet/pod",
    "pkg/kubelet/pod/testing",
    "pkg/kubelet/prober",
    "pkg/kubelet/prober/results",
    "pkg/kubelet/qos",
    "pkg/kubelet/secret",
    "pkg/kubelet/server/portforward",
    "pkg/kubelet/server/remotecommand",
    "pkg/kubelet/server/streaming",
    "pkg/kubelet/status",
    "pkg/kubelet/types",
    "pkg/kubelet/util",
    "pkg/kubelet/util/cache",
    "pkg/kubelet/util/format",
    "pkg/kubelet/util/ioutils",
    "pkg/kubelet/util/queue",
    "pkg/kubelet/util/sliceutils",
    "pkg/kubelet/util/store",
    "pkg/kubelet/volumemanager",
    "pkg/kubelet/volumemanager/cache",
    "pkg/kubelet/volumemanager/populator",
    "pkg/kubelet/volumemanager/reconciler",
    "pkg/kubelet/winstats",
    "pkg/master/ports",
    "pkg/probe",
    "pkg/probe/exec",
    "pkg/probe/http",
    "pkg/probe/tcp",
    "pkg/proxy",
    "pkg/proxy/healthcheck",
    "pkg/proxy/iptables",
    "pkg/proxy/metrics",
    "pkg/proxy/util",
    "pkg/scheduler/algorithm",
    "pkg/scheduler/algorithm/predicates",
    "pkg/scheduler/algorithm/priorities/util",
    "pkg/scheduler/api",
    "pkg/scheduler/schedulercache",
    "pkg/scheduler/util",
    "pkg/scheduler/volumebinder",
    "pkg/security/apparmor",
    "pkg/securitycontext",
    "pkg/serviceaccount",
    "pkg/util/async",
    "pkg/util/bandwidth",
    "pkg/util/config",
    "pkg/util/conntrack",
    "pkg/util/dbus",
    "pkg/util/ebtables",
    "pkg/util/file",
    "pkg/util/filesystem",
    "pkg/util/goroutinemap",
    "pkg/util/goroutinemap/exponentialbackoff",
    "pkg/util/hash",
    "pkg/util/io",
    "pkg/util/iptables",
    "pkg/util/mount",
    "pkg/util/net",
    "pkg/util/net/sets",
    "pkg/util/nsenter",
    "pkg/util/oom",
    "pkg/util/parsers",
    "pkg/util/pointer",
    "pkg/util/procfs",
    "pkg/util/removeall",
    "pkg/util/resizefs",
    "pkg/util/selinux",
    "pkg/util/strings",
    "pkg/util/sysctl",
    "pkg/util/tail",
    "pkg/util/taints",
    "pkg/util/version",
    "pkg/version",
    "pkg/volume",
    "pkg/volume/configmap",
    "pkg/volume/empty_dir",
    "pkg/volume/host_path",
    "pkg/volume/secret",
    "pkg/volume/util",
    "pkg/volume/util/fs",
    "pkg/volume/util/nestedpendingoperations",
    "pkg/volume/util/operationexecutor",
    "pkg/volume/util/recyclerclient",
    "pkg/volume/util/types",
    "pkg/volume/util/volumepathhandler",
    "pkg/volume/validation",
    "third_party/forked/golang/expansion",
  ]
  pruneopts = "UT"
  revision = "e6ab4ee54f71e7a403cc733534bab86fd959ecb7"
  version = "v1.10.9"

[[projects]]
  digest = "1:bb25a8de11844990a72db7b432eb298df48542bcfdb5c63b87bdb1519f8311e7"
  name = "k8s.io/utils"
  packages = [
    "clock",
    "exec",
  ]
  pruneopts = "UT"
  revision = "aedf551cdb8b0119df3a19c65fde413a13b34997"

[solve-meta]
  analyzer-name = "dep"
  analyzer-version = 1
  input-imports = [
    "github.com/ServiceComb/go-archaius",
    "github.com/ServiceComb/go-archaius/sources/file-source",
    "github.com/ServiceComb/paas-lager",
    "github.com/ServiceComb/paas-lager/rotate",
    "github.com/astaxie/beego/orm",
    "github.com/bouk/monkey",
    "github.com/docker/distribution/reference",
    "github.com/docker/docker/api/types",
    "github.com/docker/docker/api/types/container",
    "github.com/docker/docker/api/types/network",
    "github.com/docker/docker/api/types/strslice",
    "github.com/docker/docker/client",
    "github.com/docker/docker/pkg/jsonmessage",
    "github.com/docker/go-connections/nat",
    "github.com/eclipse/paho.mqtt.golang",
    "github.com/go-chassis/go-archaius/core",
    "github.com/go-chassis/paas-lager/third_party/forked/cloudfoundry/lager",
    "github.com/gorilla/mux",
    "github.com/gorilla/websocket",
    "github.com/mattn/go-sqlite3",
    "github.com/opencontainers/go-digest",
    "github.com/satori/go.uuid",
    "github.com/stretchr/testify/assert",
    "golang.org/x/net/context",
    "gopkg.in/yaml.v2",
    "k8s.io/api/core/v1",
    "k8s.io/apimachinery/pkg/api/resource",
    "k8s.io/apimachinery/pkg/apis/meta/v1",
    "k8s.io/apimachinery/pkg/runtime",
    "k8s.io/apimachinery/pkg/types",
    "k8s.io/apimachinery/pkg/util/clock",
    "k8s.io/apimachinery/pkg/util/errors",
    "k8s.io/apimachinery/pkg/util/runtime",
    "k8s.io/apimachinery/pkg/util/sets",
    "k8s.io/apimachinery/pkg/util/wait",
    "k8s.io/apiserver/pkg/util/feature",
    "k8s.io/client-go/kubernetes",
    "k8s.io/client-go/kubernetes/fake",
    "k8s.io/client-go/tools/cache",
    "k8s.io/client-go/util/flowcontrol",
    "k8s.io/client-go/util/workqueue",
    "k8s.io/kubernetes/pkg/cloudprovider",
    "k8s.io/kubernetes/pkg/features",
    "k8s.io/kubernetes/pkg/kubelet/apis/cri/runtime/v1alpha2",
    "k8s.io/kubernetes/pkg/kubelet/apis/stats/v1alpha1",
    "k8s.io/kubernetes/pkg/kubelet/cm/devicemanager",
    "k8s.io/kubernetes/pkg/kubelet/config",
    "k8s.io/kubernetes/pkg/kubelet/container",
    "k8s.io/kubernetes/pkg/kubelet/container/testing",
    "k8s.io/kubernetes/pkg/kubelet/dockershim",
    "k8s.io/kubernetes/pkg/kubelet/gpu",
    "k8s.io/kubernetes/pkg/kubelet/gpu/nvidia",
    "k8s.io/kubernetes/pkg/kubelet/images",
    "k8s.io/kubernetes/pkg/kubelet/lifecycle",
    "k8s.io/kubernetes/pkg/kubelet/pleg",
    "k8s.io/kubernetes/pkg/kubelet/pod",
    "k8s.io/kubernetes/pkg/kubelet/pod/testing",
    "k8s.io/kubernetes/pkg/kubelet/prober",
    "k8s.io/kubernetes/pkg/kubelet/prober/results",
    "k8s.io/kubernetes/pkg/kubelet/status",
    "k8s.io/kubernetes/pkg/kubelet/types",
    "k8s.io/kubernetes/pkg/kubelet/util/format",
    "k8s.io/kubernetes/pkg/kubelet/util/queue",
    "k8s.io/kubernetes/pkg/kubelet/volumemanager",
    "k8s.io/kubernetes/pkg/scheduler/schedulercache",
    "k8s.io/kubernetes/pkg/util/file",
    "k8s.io/kubernetes/pkg/util/hash",
    "k8s.io/kubernetes/pkg/util/io",
    "k8s.io/kubernetes/pkg/util/mount",
    "k8s.io/kubernetes/pkg/util/removeall",
    "k8s.io/kubernetes/pkg/util/selinux",
    "k8s.io/kubernetes/pkg/util/version",
    "k8s.io/kubernetes/pkg/volume",
    "k8s.io/kubernetes/pkg/volume/configmap",
    "k8s.io/kubernetes/pkg/volume/empty_dir",
    "k8s.io/kubernetes/pkg/volume/host_path",
    "k8s.io/kubernetes/pkg/volume/secret",
    "k8s.io/kubernetes/pkg/volume/util",
    "k8s.io/kubernetes/pkg/volume/util/types",
    "k8s.io/kubernetes/pkg/volume/validation",
  ]
  solver-name = "gps-cdcl"
  solver-version = 1
