github.com/go-logr/logr v0.1.0 h1:M1Tv3VzNlEHg6uyACnRdtrploV2P7wZqH8BoQMtz0cg=
github.com/go-logr/logr v0.1.0/go.mod h1:ixOQHD9gLJUVQQ2ZOR7zLEifBX6tGkNJF4QyIY7sIas=
github.com/golang/glog v0.0.0-20160126235308-23def4e6c14b h1:VKtxabqXZkF25pY9ekfRL6a582T4P37/31XEstQ5p58=
github.com/golang/glog v0.0.0-20160126235308-23def4e6c14b/go.mod h1:SBH7ygxi8pfUlaOkMMuAQtPIUF8ecWP5IEl/CR7VP2Q=
k8s.io/klog/v2 v2.0.0-20200324194303-db919253a3bc h1:E/enZ+SqXD3ChluFNvXqlLcUkqMQQDpiyGruRq5pjvY=
k8s.io/klog/v2 v2.0.0-20200324194303-db919253a3bc/go.mod h1:q4PVo0BneA7GsUJvFqoEvOCVmYJP0c5Y4VxrAYpJrIk=
