# This file is autogenerated, do not edit; changes may be undone by the next 'dep ensure'.


[[projects]]
  branch = "master"
  digest = "1:e05c7b72aeba7570b1d2f9c6dc9f0373d224b16b70fa886c504de867bffe1c2e"
  name = "github.com/aead/chacha20"
  packages = [
    ".",
    "chacha",
  ]
  pruneopts = "UT"
  revision = "8b13a72661dae6e9e5dea04f344f0dc95ea29547"

[[projects]]
  digest = "1:1f96c755246f1b688f1b2f0d2ba6cff5a94ceb35a7c5d06f7489e5e348ce356d"
  name = "github.com/bifurcation/mint"
  packages = [
    ".",
    "syntax",
  ]
  pruneopts = "UT"
  revision = "93c51c6ce11597a26e246fc33a301d62d3439cd2"

[[projects]]
  digest = "1:f438d91be142877c3ad83157992c91de787ddfbddcc2a7da1ef6ef61606cadc4"
  name = "github.com/cheekybits/genny"
  packages = ["generic"]
  pruneopts = "UT"
  revision = "9127e812e1e9e501ce899a18121d316ecb52e4ba"

[[projects]]
  digest = "1:be408f349cae090a7c17a279633d6e62b00068e64af66a582cae0983de8890ea"
  name = "github.com/golang/mock"
  packages = ["gomock"]
  pruneopts = "UT"
  revision = "9fa652df1129bef0e734c9cf9bf6dbae9ef3b9fa"
  version = "1.3.1"

[[projects]]
  digest = "1:318f1c959a8a740366fce4b1e1eb2fd914036b4af58fbd0a003349b305f118ad"
  name = "github.com/golang/protobuf"
  packages = ["proto"]
  pruneopts = "UT"
  revision = "b5d812f8a3706043e23a9cd5babf2e5423744d30"
  version = "v1.3.1"

[[projects]]
  digest = "1:7b5c6e2eeaa9ae5907c391a91c132abfd5c9e8a784a341b5625e750c67e6825d"
  name = "github.com/gorilla/websocket"
  packages = ["."]
  pruneopts = "UT"
  revision = "66b9c49e59c6c48f0ffce28c2d8b8a5678502c6d"
  version = "v1.4.0"

[[projects]]
  digest = "1:cf296baa185baae04a9a7004efee8511d08e2f5f51d4cbe5375da89722d681db"
  name = "github.com/hashicorp/golang-lru"
  packages = [
    ".",
    "simplelru",
  ]
  pruneopts = "UT"
  revision = "0fb14efe8c47ae851c0034ed7a448854d3d34cf3"

[[projects]]
  digest = "1:72f7322c70f53d0a42d1655c8a494e7b738eddbc08b45c99d61bc0d0f660ac4e"
  name = "github.com/kubeedge/beehive"
  packages = ["pkg/core/model"]
  pruneopts = "UT"
  revision = "06e0cfa222f7190d54740dd11f0fc1bc9e8085cb"

[[projects]]
  branch = "master"
  digest = "1:6fe6fc7707d8c37fb305362a324462d898bc1c01eaa2bfe15383ec21f6540c71"
  name = "github.com/lucas-clemente/aes12"
  packages = ["."]
  pruneopts = "UT"
  revision = "cd47fb39b79f867c6e4e5cd39cf7abd799f71670"

[[projects]]
  digest = "1:1ad9a965caa82881bd2ef1f0b155b4dc536c4f00d2d9f67d0b9b4ba6dcda21f1"
  name = "github.com/lucas-clemente/quic-go"
  packages = [
    ".",
    "internal/ackhandler",
    "internal/congestion",
    "internal/crypto",
    "internal/flowcontrol",
    "internal/handshake",
    "internal/protocol",
    "internal/utils",
    "internal/wire",
    "qerr",
  ]
  pruneopts = "UT"
  revision = "714f38d5d0aff85894fd890718b991e361f03e7d"
  version = "v0.10.1"

[[projects]]
  branch = "master"
  digest = "1:08b3484b0665f09be0f1f699a38e877708453795df07a3d6e4cd41fa7a2cabf0"
  name = "github.com/lucas-clemente/quic-go-certificates"
  packages = ["."]
  pruneopts = "UT"
  revision = "d2f86524cced5186554df90d92529757d22c1cb6"

[[projects]]
  digest = "1:274f67cb6fed9588ea2521ecdac05a6d62a8c51c074c1fccc6a49a40ba80e925"
  name = "github.com/satori/go.uuid"
  packages = ["."]
  pruneopts = "UT"
  revision = "f58768cc1a7a7e77a3bd49e98cdd21419399b6a3"
  version = "v1.2.0"

[[projects]]
  digest = "1:5fa7ffa0b0721b59345a126aa81fcf4344f34ab74bdd620f6eb9a0b5043605f9"
  name = "golang.org/x/crypto"
  packages = [
    "curve25519",
    "hkdf",
  ]
  pruneopts = "UT"
  revision = "d585fd2cc9195196078f516b69daff6744ef5e84"

[[projects]]
  branch = "master"
  digest = "1:d3229d0c4f5a29399fe3d39cd64de216af15f8bce9a00932c0a7a5ddaa6418f7"
  name = "golang.org/x/sys"
  packages = [
    "cpu",
    "unix",
  ]
  pruneopts = "UT"
  revision = "f49334f85ddcf0f08d7fb6dd7363e9e6d6b777eb"

[[projects]]
  digest = "1:ccb9be4c583b6ec848eb98aa395a4e8c8f8ad9ebb823642c0dd1c1c45939a5bb"
  name = "k8s.io/klog"
  packages = ["."]
  pruneopts = "UT"
  revision = "3ca30a56d8a775276f9cdae009ba326fdc05af7f"
  version = "v0.4.0"

[solve-meta]
  analyzer-name = "dep"
  analyzer-version = 1
  input-imports = [
    "github.com/golang/mock/gomock",
    "github.com/golang/protobuf/proto",
    "github.com/gorilla/websocket",
    "github.com/kubeedge/beehive/pkg/core/model",
    "github.com/lucas-clemente/quic-go",
    "k8s.io/klog",
  ]
  solver-name = "gps-cdcl"
  solver-version = 1
